PODS:
  - IJKMediaFramework (0.1.5)
  - Kingfisher (5.15.0):
    - Kingfisher/Core (= 5.15.0)
  - Kingfisher/Core (5.15.0)
  - MJRefresh (3.2.0)
  - RxCocoa (4.5.0):
    - RxSwift (>= 4.4.2, ~> 4.4)
  - RxSwift (4.5.0)
  - SDCycleScrollView (1.80):
    - SDWebImage (>= 5.0.0)
  - SDWebImage (5.9.0):
    - SDWebImage/Core (= 5.9.0)
  - SDWebImage/Core (5.9.0)
  - SnapKit (4.2.0)
  - SwifterSwift (5.0.0):
    - SwifterSwift/AppKit (= 5.0.0)
    - SwifterSwift/CoreGraphics (= 5.0.0)
    - SwifterSwift/CoreLocation (= 5.0.0)
    - SwifterSwift/Dispatch (= 5.0.0)
    - SwifterSwift/Foundation (= 5.0.0)
    - SwifterSwift/MapKit (= 5.0.0)
    - SwifterSwift/SpriteKit (= 5.0.0)
    - SwifterSwift/SwiftStdlib (= 5.0.0)
    - SwifterSwift/UIKit (= 5.0.0)
  - SwifterSwift/AppKit (5.0.0)
  - SwifterSwift/CoreGraphics (5.0.0)
  - SwifterSwift/CoreLocation (5.0.0)
  - SwifterSwift/Dispatch (5.0.0)
  - SwifterSwift/Foundation (5.0.0)
  - SwifterSwift/MapKit (5.0.0)
  - SwifterSwift/SpriteKit (5.0.0)
  - SwifterSwift/SwiftStdlib (5.0.0)
  - SwifterSwift/UIKit (5.0.0)
  - Then (2.6.0)
  - ZFPlayer (4.0.1):
    - ZFPlayer/Core (= 4.0.1)
  - ZFPlayer/ControlView (4.0.1):
    - ZFPlayer/Core
  - ZFPlayer/Core (4.0.1)
  - ZFPlayer/ijkplayer (4.0.1):
    - IJKMediaFramework
    - ZFPlayer/Core

DEPENDENCIES:
  - Kingfisher
  - MJRefresh (= 3.2.0)
  - RxCocoa (= 4.5.0)
  - RxSwift
  - SDCycleScrollView
  - SnapKit (= 4.2.0)
  - SwifterSwift (= 5.0.0)
  - Then (= 2.6.0)
  - ZFPlayer
  - ZFPlayer/ControlView
  - ZFPlayer/ijkplayer

SPEC REPOS:
  trunk:
    - IJKMediaFramework
    - Kingfisher
    - MJRefresh
    - RxCocoa
    - RxSwift
    - SDCycleScrollView
    - SDWebImage
    - SnapKit
    - SwifterSwift
    - Then
    - ZFPlayer

SPEC CHECKSUMS:
  IJKMediaFramework: f1119f6324c96bc4654f3045a5beaa95ba0596c0
  Kingfisher: 1acb67597a520c2d0310677e66d6e0af455ef757
  MJRefresh: ed450d6eb9d3346a2cb033ab7eb6de090aeef437
  RxCocoa: cbf70265dc65a981d4ac982e513c10cf23df24a0
  RxSwift: f172070dfd1a93d70a9ab97a5a01166206e1c575
  SDCycleScrollView: b3c9a5ed840c771c4938978174c7c9d9feefeb96
  SDWebImage: 62ae4a18473520c67b79e9724c31a63599cc9423
  SnapKit: fe8a619752f3f27075cc9a90244d75c6c3f27e2a
  SwifterSwift: 96f90594b370802f01647c2b1229c74a84ffafee
  Then: 90cd104fd951cec1980a03f57704ad8f784d4d79
  ZFPlayer: f88787c815f7b0801279c42f131a89e2823e669e

PODFILE CHECKSUM: c3f6eba083a32311c5d6e91ed84f082d3f72df28

COCOAPODS: 1.9.3
